dependencies:
  idf:
    source:
      type: idf
    version: 5.3.1
  lvgl/lvgl:
    component_hash: 51022b16bce6ee90f54a8bd21cd6d497d886916899b577b1bebb9125b91e23fc
    dependencies: []
    source:
      registry_url: https://components.espressif.com/
      type: service
    version: 8.3.10
direct_dependencies:
- idf
- lvgl/lvgl
manifest_hash: 6abf83d2a39b01c3437b5d5af62781b827fb9f29d335980a89761982b67e485a
target: esp32c3
version: 2.0.0
